
Microsoft Visual Studio Solution File, Format Version 12.00
# Visual Studio 2013
VisualStudioVersion = 12.0.40629.0
MinimumVisualStudioVersion = 10.0.40219.1
Project("{FAE04EC0-301F-11D3-BF4B-00C04F79EFBC}") = "BoardGamesRoom", "BoardGamesRoom\BoardGamesRoom.csproj", "{409FB7BA-EE2A-47A9-940C-8E72D298DF15}"
EndProject
Project("{FAE04EC0-301F-11D3-BF4B-00C04F79EFBC}") = "BoardGamesRoom.Tests", "BoardGamesRoom.Tests\BoardGamesRoom.Tests.csproj", "{2A0A88B2-4786-4828-94B2-EAB82F66A2F7}"
EndProject
Project("{FAE04EC0-301F-11D3-BF4B-00C04F79EFBC}") = "BoardGamesRoom.Lib", "BoardGamesRoom.Lib\BoardGamesRoom.Lib.csproj", "{02675ABD-FB02-4BF3-8168-35E61EBA944D}"
EndProject
Project("{FAE04EC0-301F-11D3-BF4B-00C04F79EFBC}") = "BoardGamesRoom.Model", "BoardGamesRoom.Model\BoardGamesRoom.Model.csproj", "{438EDC5A-B8EF-4BDA-9A09-25C37813DD3D}"
EndProject
Global
	GlobalSection(SolutionConfigurationPlatforms) = preSolution
		Debug|Any CPU = Debug|Any CPU
		Release|Any CPU = Release|Any CPU
	EndGlobalSection
	GlobalSection(ProjectConfigurationPlatforms) = postSolution
		{409FB7BA-EE2A-47A9-940C-8E72D298DF15}.Debug|Any CPU.ActiveCfg = Debug|Any CPU
		{409FB7BA-EE2A-47A9-940C-8E72D298DF15}.Debug|Any CPU.Build.0 = Debug|Any CPU
		{409FB7BA-EE2A-47A9-940C-8E72D298DF15}.Release|Any CPU.ActiveCfg = Release|Any CPU
		{409FB7BA-EE2A-47A9-940C-8E72D298DF15}.Release|Any CPU.Build.0 = Release|Any CPU
		{2A0A88B2-4786-4828-94B2-EAB82F66A2F7}.Debug|Any CPU.ActiveCfg = Debug|Any CPU
		{2A0A88B2-4786-4828-94B2-EAB82F66A2F7}.Debug|Any CPU.Build.0 = Debug|Any CPU
		{2A0A88B2-4786-4828-94B2-EAB82F66A2F7}.Release|Any CPU.ActiveCfg = Release|Any CPU
		{2A0A88B2-4786-4828-94B2-EAB82F66A2F7}.Release|Any CPU.Build.0 = Release|Any CPU
		{02675ABD-FB02-4BF3-8168-35E61EBA944D}.Debug|Any CPU.ActiveCfg = Debug|Any CPU
		{02675ABD-FB02-4BF3-8168-35E61EBA944D}.Debug|Any CPU.Build.0 = Debug|Any CPU
		{02675ABD-FB02-4BF3-8168-35E61EBA944D}.Release|Any CPU.ActiveCfg = Release|Any CPU
		{02675ABD-FB02-4BF3-8168-35E61EBA944D}.Release|Any CPU.Build.0 = Release|Any CPU
		{438EDC5A-B8EF-4BDA-9A09-25C37813DD3D}.Debug|Any CPU.ActiveCfg = Debug|Any CPU
		{438EDC5A-B8EF-4BDA-9A09-25C37813DD3D}.Debug|Any CPU.Build.0 = Debug|Any CPU
		{438EDC5A-B8EF-4BDA-9A09-25C37813DD3D}.Release|Any CPU.ActiveCfg = Release|Any CPU
		{438EDC5A-B8EF-4BDA-9A09-25C37813DD3D}.Release|Any CPU.Build.0 = Release|Any CPU
	EndGlobalSection
	GlobalSection(SolutionProperties) = preSolution
		HideSolutionNode = FALSE
	EndGlobalSection
EndGlobal
